{
  "name": "shiny-helpers",
  "version": "0.0.1",
  "lockfileVersion": 3,
  "requires": true,
  "packages": {
    "": {
      "name": "shiny-helpers",
      "version": "0.0.1",
      "license": "MIT",
      "devDependencies": {
        "@types/rstudio-shiny": "git+https://github.com/rstudio/shiny#v1.7.4",
        "typescript": "^5.2.2"
      }
    },
    "node_modules/@types/bootstrap": {
      "version": "3.4.0",
      "resolved": "https://registry.npmjs.org/@types/bootstrap/-/bootstrap-3.4.0.tgz",
      "integrity": "sha512-LS05hVAAsX86qbHg7W+ydwBlNHrVCoFw6wEP3/uW4eYmRXl08bWmPeN/+onM+8qZTFfDgUlG/OItJI8SW972oQ==",
      "dev": true,
      "dependencies": {
        "@types/jquery": "*"
      }
    },
    "node_modules/@types/bootstrap-datepicker": {
      "version": "0.0.14",
      "resolved": "https://registry.npmjs.org/@types/bootstrap-datepicker/-/bootstrap-datepicker-0.0.14.tgz",
      "integrity": "sha512-ZBwEUuwYpehEHWtkaIDl55N3F6dPz6xEsoPW5esCZdtuhuZdNC/ebFV2n48kATcY5S2HD3V0O5/J8nuEgVk9fQ==",
      "dev": true,
      "dependencies": {
        "@types/jquery": "*"
      }
    },
    "node_modules/@types/datatables.net": {
      "version": "1.10.27",
      "resolved": "https://registry.npmjs.org/@types/datatables.net/-/datatables.net-1.10.27.tgz",
      "integrity": "sha512-r20sH6vTbqbn/Sr/e4Qhv5WYG/Soa6sLsqGqXv936ZZgyxW3yY+iZmboPfDXczw3izJyeUkDRBVCQRx7Ui4X2A==",
      "dev": true,
      "dependencies": {
        "@types/jquery": "*"
      }
    },
    "node_modules/@types/ion-rangeslider": {
      "version": "2.3.0",
      "resolved": "https://registry.npmjs.org/@types/ion-rangeslider/-/ion-rangeslider-2.3.0.tgz",
      "integrity": "sha512-u1k2Ekfg7E/ByCrtqtMk98g3QMXnMyIjCKU397YfjhWnTrms2BteoTanMqe0MJ1zyBBiP6+bwbc7P4cU+RiL+w==",
      "dev": true
    },
    "node_modules/@types/jquery": {
      "version": "3.5.14",
      "resolved": "https://registry.npmjs.org/@types/jquery/-/jquery-3.5.14.tgz",
      "integrity": "sha512-X1gtMRMbziVQkErhTQmSe2jFwwENA/Zr+PprCkF63vFq+Yt5PZ4AlKqgmeNlwgn7dhsXEK888eIW2520EpC+xg==",
      "dev": true,
      "dependencies": {
        "@types/sizzle": "*"
      }
    },
    "node_modules/@types/rstudio-shiny": {
      "version": "1.7.4",
      "resolved": "git+ssh://git@github.com/rstudio/shiny.git#4d276b307e73b1d312833f03a873e5c16a2dad48",
      "dev": true,
      "license": "GPL-3.0-only",
      "dependencies": {
        "@types/bootstrap": "3.4.0",
        "@types/bootstrap-datepicker": "0.0.14",
        "@types/datatables.net": "^1.10.19",
        "@types/ion-rangeslider": "2.3.0",
        "@types/jquery": "3.5.14",
        "@types/selectize": "0.12.34"
      },
      "engines": {
        "node": ">= 14",
        "yarn": ">= 1.22"
      }
    },
    "node_modules/@types/selectize": {
      "version": "0.12.34",
      "resolved": "https://registry.npmjs.org/@types/selectize/-/selectize-0.12.34.tgz",
      "integrity": "sha512-OAXHsgsHBMJBHnB6QrFlHVa0+gCE5lgjdpwJDlJLRhrcsM4I2VXrm2vsG00//Rpdm4XgnX17vrBpjHlWOk1ALw==",
      "dev": true
    },
    "node_modules/@types/sizzle": {
      "version": "2.3.6",
      "resolved": "https://registry.npmjs.org/@types/sizzle/-/sizzle-2.3.6.tgz",
      "integrity": "sha512-m04Om5Gz6kbjUwAQ7XJJQ30OdEFsSmAVsvn4NYwcTRyMVpKKa1aPuESw1n2CxS5fYkOQv3nHgDKeNa8e76fUkw==",
      "dev": true
    },
    "node_modules/typescript": {
      "version": "5.3.2",
      "resolved": "https://registry.npmjs.org/typescript/-/typescript-5.3.2.tgz",
      "integrity": "sha512-6l+RyNy7oAHDfxC4FzSJcz9vnjTKxrLpDG5M2Vu4SHRVNg6xzqZp6LYSR9zjqQTu8DU/f5xwxUdADOkbrIX2gQ==",
      "dev": true,
      "bin": {
        "tsc": "bin/tsc",
        "tsserver": "bin/tsserver"
      },
      "engines": {
        "node": ">=14.17"
      }
    }
  }
}
